
Microsoft Visual Studio Solution File, Format Version 12.00
# Visual Studio 14
VisualStudioVersion = 14.0.25420.1
MinimumVisualStudioVersion = 10.0.40219.1
Project("{FAE04EC0-301F-11D3-BF4B-00C04F79EFBC}") = "Cake.SendGrid", "Cake.SendGrid\Cake.SendGrid.csproj", "{49DBCAE3-32F0-494B-977E-C1C794C31542}"
EndProject
Project("{FAE04EC0-301F-11D3-BF4B-00C04F79EFBC}") = "Cake.SendGrid.Tests", "Cake.SendGrid.Tests\Cake.SendGrid.Tests.csproj", "{7F045041-F554-4567-AFF3-743FE4E47A26}"
EndProject
Global
	GlobalSection(SolutionConfigurationPlatforms) = preSolution
		Debug|Any CPU = Debug|Any CPU
		Release|Any CPU = Release|Any CPU
	EndGlobalSection
	GlobalSection(ProjectConfigurationPlatforms) = postSolution
		{49DBCAE3-32F0-494B-977E-C1C794C31542}.Debug|Any CPU.ActiveCfg = Debug|Any CPU
		{49DBCAE3-32F0-494B-977E-C1C794C31542}.Debug|Any CPU.Build.0 = Debug|Any CPU
		{49DBCAE3-32F0-494B-977E-C1C794C31542}.Release|Any CPU.ActiveCfg = Release|Any CPU
		{49DBCAE3-32F0-494B-977E-C1C794C31542}.Release|Any CPU.Build.0 = Release|Any CPU
		{7F045041-F554-4567-AFF3-743FE4E47A26}.Debug|Any CPU.ActiveCfg = Debug|Any CPU
		{7F045041-F554-4567-AFF3-743FE4E47A26}.Debug|Any CPU.Build.0 = Debug|Any CPU
		{7F045041-F554-4567-AFF3-743FE4E47A26}.Release|Any CPU.ActiveCfg = Release|Any CPU
		{7F045041-F554-4567-AFF3-743FE4E47A26}.Release|Any CPU.Build.0 = Release|Any CPU
	EndGlobalSection
	GlobalSection(SolutionProperties) = preSolution
		HideSolutionNode = FALSE
	EndGlobalSection
EndGlobal
